
Microsoft Visual Studio Solution File, Format Version 12.00
# Visual Studio Version 17
VisualStudioVersion = 17.7.34024.191
MinimumVisualStudioVersion = 10.0.40219.1
Project("{FAE04EC0-301F-11D3-BF4B-00C04F79EFBC}") = "NixHashing", "NixHashing.csproj", "{83849C55-8A8D-49EA-92A5-6E87C319C09D}"
EndProject
Global
	GlobalSection(SolutionConfigurationPlatforms) = preSolution
		Debug|Any CPU = Debug|Any CPU
		Release|Any CPU = Release|Any CPU
	EndGlobalSection
	GlobalSection(ProjectConfigurationPlatforms) = postSolution
		{83849C55-8A8D-49EA-92A5-6E87C319C09D}.Debug|Any CPU.ActiveCfg = Debug|Any CPU
		{83849C55-8A8D-49EA-92A5-6E87C319C09D}.Debug|Any CPU.Build.0 = Debug|Any CPU
		{83849C55-8A8D-49EA-92A5-6E87C319C09D}.Release|Any CPU.ActiveCfg = Release|Any CPU
		{83849C55-8A8D-49EA-92A5-6E87C319C09D}.Release|Any CPU.Build.0 = Release|Any CPU
	EndGlobalSection
	GlobalSection(SolutionProperties) = preSolution
		HideSolutionNode = FALSE
	EndGlobalSection
	GlobalSection(ExtensibilityGlobals) = postSolution
		SolutionGuid = {0EABB7AC-C25F-4B67-89FB-44FA088E9BF7}
	EndGlobalSection
EndGlobal
